
Microsoft Visual Studio Solution File, Format Version 12.00
# Visual Studio Version 17
VisualStudioVersion = 17.5.33516.290
MinimumVisualStudioVersion = 10.0.40219.1
Project("{9A19103F-16F7-4668-BE54-9A1E7A4F7556}") = "MainCore", "MainCore\MainCore.csproj", "{0DD01CE9-1BC6-4D65-950F-FAACC4F5FB8F}"
EndProject
Project("{9A19103F-16F7-4668-BE54-9A1E7A4F7556}") = "TestParser", "TestParser\TestParser.csproj", "{E7DF7C2C-2365-4D23-B8E8-26397C9234E1}"
EndProject
Project("{9A19103F-16F7-4668-BE54-9A1E7A4F7556}") = "WorldUpdator", "WorldUpdator\WorldUpdator.csproj", "{9F9C60E9-537B-4E28-B5E8-B9A4C2026F6A}"
EndProject
Project("{9A19103F-16F7-4668-BE54-9A1E7A4F7556}") = "VillageUpdator", "VillageUpdator\VillageUpdator.csproj", "{F3EA59F9-5A7A-48F9-8071-2E23682ECF03}"
EndProject
Project("{9A19103F-16F7-4668-BE54-9A1E7A4F7556}") = "WinFormsApp", "WinFormsApp\WinFormsApp.csproj", "{C61C7426-8B49-4260-B740-41E2D09061D7}"
EndProject
Project("{FAE04EC0-301F-11D3-BF4B-00C04F79EFBC}") = "AspNetApi", "AspNetApi\AspNetApi.csproj", "{6CE05DC1-F9A3-4409-A802-4C1E6401871D}"
EndProject
Global
	GlobalSection(SolutionConfigurationPlatforms) = preSolution
		Debug|Any CPU = Debug|Any CPU
		Release|Any CPU = Release|Any CPU
	EndGlobalSection
	GlobalSection(ProjectConfigurationPlatforms) = postSolution
		{0DD01CE9-1BC6-4D65-950F-FAACC4F5FB8F}.Debug|Any CPU.ActiveCfg = Debug|Any CPU
		{0DD01CE9-1BC6-4D65-950F-FAACC4F5FB8F}.Debug|Any CPU.Build.0 = Debug|Any CPU
		{0DD01CE9-1BC6-4D65-950F-FAACC4F5FB8F}.Release|Any CPU.ActiveCfg = Release|Any CPU
		{0DD01CE9-1BC6-4D65-950F-FAACC4F5FB8F}.Release|Any CPU.Build.0 = Release|Any CPU
		{E7DF7C2C-2365-4D23-B8E8-26397C9234E1}.Debug|Any CPU.ActiveCfg = Debug|Any CPU
		{E7DF7C2C-2365-4D23-B8E8-26397C9234E1}.Debug|Any CPU.Build.0 = Debug|Any CPU
		{E7DF7C2C-2365-4D23-B8E8-26397C9234E1}.Release|Any CPU.ActiveCfg = Release|Any CPU
		{E7DF7C2C-2365-4D23-B8E8-26397C9234E1}.Release|Any CPU.Build.0 = Release|Any CPU
		{9F9C60E9-537B-4E28-B5E8-B9A4C2026F6A}.Debug|Any CPU.ActiveCfg = Debug|Any CPU
		{9F9C60E9-537B-4E28-B5E8-B9A4C2026F6A}.Debug|Any CPU.Build.0 = Debug|Any CPU
		{9F9C60E9-537B-4E28-B5E8-B9A4C2026F6A}.Release|Any CPU.ActiveCfg = Release|Any CPU
		{9F9C60E9-537B-4E28-B5E8-B9A4C2026F6A}.Release|Any CPU.Build.0 = Release|Any CPU
		{F3EA59F9-5A7A-48F9-8071-2E23682ECF03}.Debug|Any CPU.ActiveCfg = Debug|Any CPU
		{F3EA59F9-5A7A-48F9-8071-2E23682ECF03}.Debug|Any CPU.Build.0 = Debug|Any CPU
		{F3EA59F9-5A7A-48F9-8071-2E23682ECF03}.Release|Any CPU.ActiveCfg = Release|Any CPU
		{F3EA59F9-5A7A-48F9-8071-2E23682ECF03}.Release|Any CPU.Build.0 = Release|Any CPU
		{C61C7426-8B49-4260-B740-41E2D09061D7}.Debug|Any CPU.ActiveCfg = Debug|Any CPU
		{C61C7426-8B49-4260-B740-41E2D09061D7}.Debug|Any CPU.Build.0 = Debug|Any CPU
		{C61C7426-8B49-4260-B740-41E2D09061D7}.Release|Any CPU.ActiveCfg = Release|Any CPU
		{C61C7426-8B49-4260-B740-41E2D09061D7}.Release|Any CPU.Build.0 = Release|Any CPU
		{6CE05DC1-F9A3-4409-A802-4C1E6401871D}.Debug|Any CPU.ActiveCfg = Debug|Any CPU
		{6CE05DC1-F9A3-4409-A802-4C1E6401871D}.Debug|Any CPU.Build.0 = Debug|Any CPU
		{6CE05DC1-F9A3-4409-A802-4C1E6401871D}.Release|Any CPU.ActiveCfg = Release|Any CPU
		{6CE05DC1-F9A3-4409-A802-4C1E6401871D}.Release|Any CPU.Build.0 = Release|Any CPU
	EndGlobalSection
	GlobalSection(SolutionProperties) = preSolution
		HideSolutionNode = FALSE
	EndGlobalSection
	GlobalSection(ExtensibilityGlobals) = postSolution
		SolutionGuid = {C9340BA1-156E-4032-967B-2566712B4E19}
	EndGlobalSection
EndGlobal
